github.com/bearsh/hid v1.5.0 h1:8ChLlc9Nqmlrla4U0QMHLhb/h1hnVcs2Unjoz7iY+vk=
github.com/bearsh/hid v1.5.0/go.mod h1:cs47JobsdK/AHOpD4wgX80i0el+2r/PjZkxrpaJxR84=
go.sia.tech/core v0.10.2-0.20250211180922-261f960c1315 h1:lWYVzooojpbm5r+6vHziUALL+gvV5k3dIs/rlwd3bMk=
go.sia.tech/core v0.10.2-0.20250211180922-261f960c1315/go.mod h1:FRg3rOIM8oSvf5wJoAJEgqqbTtKBDNeqL5/bH1lRuDk=
golang.org/x/crypto v0.33.0 h1:IOBPskki6Lysi0lo9qQvbxiQ+FvsCC/YWOecCHAixus=
golang.org/x/crypto v0.33.0/go.mod h1:bVdXmD7IV/4GdElGPozy6U7lWdRXA4qyRVGJV57uQ5M=
golang.org/x/sys v0.30.0 h1:QjkSwP/36a20jFYWkSue1YwXzLmsV5Gfq7Eiy72C1uc=
golang.org/x/sys v0.30.0/go.mod h1:/VUhepiaJMQUp4+oa/7Zr1D23ma6VTLIYjOOTFZPUcA=
lukechampine.com/flagg v1.1.1 h1:jB5oL4D5zSUrzm5og6dDEi5pnrTF1poKfC7KE1lLsqc=
lukechampine.com/flagg v1.1.1/go.mod h1:a9ZuZu5LSPXELWSJrabRD00ort+lDXSOQu34xWgEoDI=
lukechampine.com/frand v1.5.1 h1:fg0eRtdmGFIxhP5zQJzM1lFDbD6CUfu/f+7WgAZd5/w=
lukechampine.com/frand v1.5.1/go.mod h1:4VstaWc2plN4Mjr10chUD46RAVGWhpkZ5Nja8+Azp0Q=
